
Microsoft Visual Studio Solution File, Format Version 12.00
# Visual Studio Version 17
VisualStudioVersion = 17.5.33502.453
MinimumVisualStudioVersion = 10.0.40219.1
Project("{FAE04EC0-301F-11D3-BF4B-00C04F79EFBC}") = "GameProject", "GameProject\GameProject.csproj", "{48BBD4BD-E051-4611-BEE4-0C195BAA5951}"
EndProject
Project("{FAE04EC0-301F-11D3-BF4B-00C04F79EFBC}") = "Game.BL", "Game.BL\Game.BL.csproj", "{AD6E6232-88E9-4B6B-9B1C-011360D8E5B7}"
EndProject
Project("{FAE04EC0-301F-11D3-BF4B-00C04F79EFBC}") = "Game.DL", "Game.DL\Game.DL.csproj", "{3D67C55F-591C-40FE-AA9C-44E3C8980900}"
EndProject
Project("{FAE04EC0-301F-11D3-BF4B-00C04F79EFBC}") = "Game.Domain", "Game.Core\Game.Domain.csproj", "{25D14CEF-4E80-4CCA-84AC-967BD53BFF54}"
EndProject
Project("{FAE04EC0-301F-11D3-BF4B-00C04F79EFBC}") = "Game.Shared", "Game.Shared\Game.Shared.csproj", "{44BA6DC1-AD88-4E44-AF94-13D78AB118F4}"
EndProject
Global
	GlobalSection(SolutionConfigurationPlatforms) = preSolution
		Debug|Any CPU = Debug|Any CPU
		Release|Any CPU = Release|Any CPU
	EndGlobalSection
	GlobalSection(ProjectConfigurationPlatforms) = postSolution
		{48BBD4BD-E051-4611-BEE4-0C195BAA5951}.Debug|Any CPU.ActiveCfg = Debug|Any CPU
		{48BBD4BD-E051-4611-BEE4-0C195BAA5951}.Debug|Any CPU.Build.0 = Debug|Any CPU
		{48BBD4BD-E051-4611-BEE4-0C195BAA5951}.Release|Any CPU.ActiveCfg = Release|Any CPU
		{48BBD4BD-E051-4611-BEE4-0C195BAA5951}.Release|Any CPU.Build.0 = Release|Any CPU
		{AD6E6232-88E9-4B6B-9B1C-011360D8E5B7}.Debug|Any CPU.ActiveCfg = Debug|Any CPU
		{AD6E6232-88E9-4B6B-9B1C-011360D8E5B7}.Debug|Any CPU.Build.0 = Debug|Any CPU
		{AD6E6232-88E9-4B6B-9B1C-011360D8E5B7}.Release|Any CPU.ActiveCfg = Release|Any CPU
		{AD6E6232-88E9-4B6B-9B1C-011360D8E5B7}.Release|Any CPU.Build.0 = Release|Any CPU
		{3D67C55F-591C-40FE-AA9C-44E3C8980900}.Debug|Any CPU.ActiveCfg = Debug|Any CPU
		{3D67C55F-591C-40FE-AA9C-44E3C8980900}.Debug|Any CPU.Build.0 = Debug|Any CPU
		{3D67C55F-591C-40FE-AA9C-44E3C8980900}.Release|Any CPU.ActiveCfg = Release|Any CPU
		{3D67C55F-591C-40FE-AA9C-44E3C8980900}.Release|Any CPU.Build.0 = Release|Any CPU
		{25D14CEF-4E80-4CCA-84AC-967BD53BFF54}.Debug|Any CPU.ActiveCfg = Debug|Any CPU
		{25D14CEF-4E80-4CCA-84AC-967BD53BFF54}.Debug|Any CPU.Build.0 = Debug|Any CPU
		{25D14CEF-4E80-4CCA-84AC-967BD53BFF54}.Release|Any CPU.ActiveCfg = Release|Any CPU
		{25D14CEF-4E80-4CCA-84AC-967BD53BFF54}.Release|Any CPU.Build.0 = Release|Any CPU
		{44BA6DC1-AD88-4E44-AF94-13D78AB118F4}.Debug|Any CPU.ActiveCfg = Debug|Any CPU
		{44BA6DC1-AD88-4E44-AF94-13D78AB118F4}.Debug|Any CPU.Build.0 = Debug|Any CPU
		{44BA6DC1-AD88-4E44-AF94-13D78AB118F4}.Release|Any CPU.ActiveCfg = Release|Any CPU
		{44BA6DC1-AD88-4E44-AF94-13D78AB118F4}.Release|Any CPU.Build.0 = Release|Any CPU
	EndGlobalSection
	GlobalSection(SolutionProperties) = preSolution
		HideSolutionNode = FALSE
	EndGlobalSection
	GlobalSection(ExtensibilityGlobals) = postSolution
		SolutionGuid = {B134968E-7358-43F7-AD97-B26A64D80589}
	EndGlobalSection
EndGlobal
